
Microsoft Visual Studio Solution File, Format Version 12.00
# Visual Studio 15
VisualStudioVersion = 15.0.27130.2036
MinimumVisualStudioVersion = 10.0.40219.1
Project("{FAE04EC0-301F-11D3-BF4B-00C04F79EFBC}") = "KisVuzDotNetCore2", "KisVuzDotNetCore2\KisVuzDotNetCore2.csproj", "{82BC833B-05FD-40B3-92E5-770A2A73D017}"
EndProject
Global
	GlobalSection(SolutionConfigurationPlatforms) = preSolution
		Debug|Any CPU = Debug|Any CPU
		Release|Any CPU = Release|Any CPU
	EndGlobalSection
	GlobalSection(ProjectConfigurationPlatforms) = postSolution
		{82BC833B-05FD-40B3-92E5-770A2A73D017}.Debug|Any CPU.ActiveCfg = Debug|Any CPU
		{82BC833B-05FD-40B3-92E5-770A2A73D017}.Debug|Any CPU.Build.0 = Debug|Any CPU
		{82BC833B-05FD-40B3-92E5-770A2A73D017}.Release|Any CPU.ActiveCfg = Release|Any CPU
		{82BC833B-05FD-40B3-92E5-770A2A73D017}.Release|Any CPU.Build.0 = Release|Any CPU
	EndGlobalSection
	GlobalSection(SolutionProperties) = preSolution
		HideSolutionNode = FALSE
	EndGlobalSection
	GlobalSection(ExtensibilityGlobals) = postSolution
		SolutionGuid = {E0F777A4-E13C-4B55-B1AF-E733FDDB0579}
	EndGlobalSection
EndGlobal
